
Microsoft Visual Studio Solution File, Format Version 12.00
# Visual Studio 14
VisualStudioVersion = 14.0.25123.0
MinimumVisualStudioVersion = 10.0.40219.1
Project("{A8AA5DED-896F-4BB6-8720-536FB81AA631}") = "Sitecore.Support.223253", "Sitecore.Support.223253\Sitecore.Support.223253.csproj", "{A3FC230A-4B80-4B8D-B625-498E67FF3D32}"
EndProject
Global
	GlobalSection(SolutionConfigurationPlatforms) = preSolution
		Debug|Any CPU = Debug|Any CPU
		Release|Any CPU = Release|Any CPU
	EndGlobalSection
	GlobalSection(ProjectConfigurationPlatforms) = postSolution
		{A3FC230A-4B80-4B8D-B625-498E67FF3D32}.Debug|Any CPU.ActiveCfg = Debug|Any CPU
		{A3FC230A-4B80-4B8D-B625-498E67FF3D32}.Debug|Any CPU.Build.0 = Debug|Any CPU
		{A3FC230A-4B80-4B8D-B625-498E67FF3D32}.Release|Any CPU.ActiveCfg = Release|Any CPU
		{A3FC230A-4B80-4B8D-B625-498E67FF3D32}.Release|Any CPU.Build.0 = Release|Any CPU
	EndGlobalSection
	GlobalSection(SolutionProperties) = preSolution
		HideSolutionNode = FALSE
	EndGlobalSection
EndGlobal
